
Microsoft Visual Studio Solution File, Format Version 12.00
# Visual Studio Version 17
VisualStudioVersion = 17.9.34622.214
MinimumVisualStudioVersion = 10.0.40219.1
Project("{FAE04EC0-301F-11D3-BF4B-00C04F79EFBC}") = "Interfaces", "Interfaces\Interfaces.csproj", "{0934BC10-4532-4F55-A59E-7D46FCCF4933}"
EndProject
Global
	GlobalSection(SolutionConfigurationPlatforms) = preSolution
		Debug|Any CPU = Debug|Any CPU
		Release|Any CPU = Release|Any CPU
	EndGlobalSection
	GlobalSection(ProjectConfigurationPlatforms) = postSolution
		{0934BC10-4532-4F55-A59E-7D46FCCF4933}.Debug|Any CPU.ActiveCfg = Debug|Any CPU
		{0934BC10-4532-4F55-A59E-7D46FCCF4933}.Debug|Any CPU.Build.0 = Debug|Any CPU
		{0934BC10-4532-4F55-A59E-7D46FCCF4933}.Release|Any CPU.ActiveCfg = Release|Any CPU
		{0934BC10-4532-4F55-A59E-7D46FCCF4933}.Release|Any CPU.Build.0 = Release|Any CPU
	EndGlobalSection
	GlobalSection(SolutionProperties) = preSolution
		HideSolutionNode = FALSE
	EndGlobalSection
	GlobalSection(ExtensibilityGlobals) = postSolution
		SolutionGuid = {5B38EA2D-921C-4BEB-AC26-CE6D7AA8FCA3}
	EndGlobalSection
EndGlobal
